
Microsoft Visual Studio Solution File, Format Version 12.00
# Visual Studio Version 16
VisualStudioVersion = 16.0.29709.97
MinimumVisualStudioVersion = 10.0.40219.1
Project("{8BC9CEB8-8B4A-11D0-8D11-00A0C91BC942}") = "ConsoleApplication1", "ConsoleApplication1\ConsoleApplication1.vcxproj", "{A0DC6625-E5E1-4C13-816A-552A9DCD7DEA}"
EndProject
Global
	GlobalSection(SolutionConfigurationPlatforms) = preSolution
		Debug|x64 = Debug|x64
		Debug|x86 = Debug|x86
		Release|x64 = Release|x64
		Release|x86 = Release|x86
	EndGlobalSection
	GlobalSection(ProjectConfigurationPlatforms) = postSolution
		{A0DC6625-E5E1-4C13-816A-552A9DCD7DEA}.Debug|x64.ActiveCfg = Debug|x64
		{A0DC6625-E5E1-4C13-816A-552A9DCD7DEA}.Debug|x64.Build.0 = Debug|x64
		{A0DC6625-E5E1-4C13-816A-552A9DCD7DEA}.Debug|x86.ActiveCfg = Debug|Win32
		{A0DC6625-E5E1-4C13-816A-552A9DCD7DEA}.Debug|x86.Build.0 = Debug|Win32
		{A0DC6625-E5E1-4C13-816A-552A9DCD7DEA}.Release|x64.ActiveCfg = Release|x64
		{A0DC6625-E5E1-4C13-816A-552A9DCD7DEA}.Release|x64.Build.0 = Release|x64
		{A0DC6625-E5E1-4C13-816A-552A9DCD7DEA}.Release|x86.ActiveCfg = Release|Win32
		{A0DC6625-E5E1-4C13-816A-552A9DCD7DEA}.Release|x86.Build.0 = Release|Win32
	EndGlobalSection
	GlobalSection(SolutionProperties) = preSolution
		HideSolutionNode = FALSE
	EndGlobalSection
	GlobalSection(ExtensibilityGlobals) = postSolution
		SolutionGuid = {73A93703-0A15-4650-891E-C6D1B77A515D}
	EndGlobalSection
EndGlobal
